// !$*UTF8*$!
{
	archiveVersion = 1;
	classes = {
	};
	objectVersion = 52;
	objects = {

/* Begin PBXBuildFile section */
		2C1E1D8B21A1454E0039046D /* GoogleMapsBase.framework in Frameworks */ = {isa = PBXBuildFile; fileRef = 2C1E1D8A21A1454E0039046D /* GoogleMapsBase.framework */; };
		2C1E1D8D21A1456F0039046D /* GooglePlaces.framework in Frameworks */ = {isa = PBXBuildFile; fileRef = 2C1E1D8C21A1456F0039046D /* GooglePlaces.framework */; };
		2C1E1D9121A145C30039046D /* GooglePlaces.bundle in Resources */ = {isa = PBXBuildFile; fileRef = 2C1E1D9021A145C20039046D /* GooglePlaces.bundle */; };
		2C1E1DA121A1465C0039046D /* ImageIO.framework in Frameworks */ = {isa = PBXBuildFile; fileRef = 2C1E1D9221A1465B0039046D /* ImageIO.framework */; };
		2C1E1DA221A1465C0039046D /* GLKit.framework in Frameworks */ = {isa = PBXBuildFile; fileRef = 2C1E1D9321A1465B0039046D /* GLKit.framework */; };
		2C1E1DA321A1465C0039046D /* CoreImage.framework in Frameworks */ = {isa = PBXBuildFile; fileRef = 2C1E1D9421A1465B0039046D /* CoreImage.framework */; };
		2C1E1DA421A1465C0039046D /* CoreTelephony.framework in Frameworks */ = {isa = PBXBuildFile; fileRef = 2C1E1D9521A1465B0039046D /* CoreTelephony.framework */; };
		2C1E1DA521A1465C0039046D /* CoreLocation.framework in Frameworks */ = {isa = PBXBuildFile; fileRef = 2C1E1D9621A1465B0039046D /* CoreLocation.framework */; };
		2C1E1DA621A1465C0039046D /* SystemConfiguration.framework in Frameworks */ = {isa = PBXBuildFile; fileRef = 2C1E1D9721A1465B0039046D /* SystemConfiguration.framework */; };
		2C1E1DA721A1465C0039046D /* OpenGLES.framework in Frameworks */ = {isa = PBXBuildFile; fileRef = 2C1E1D9821A1465B0039046D /* OpenGLES.framework */; };
		2C1E1DA821A1465C0039046D /* libz.tbd in Frameworks */ = {isa = PBXBuildFile; fileRef = 2C1E1D9921A1465B0039046D /* libz.tbd */; };
		2C1E1DA921A1465C0039046D /* CoreData.framework in Frameworks */ = {isa = PBXBuildFile; fileRef = 2C1E1D9A21A1465B0039046D /* CoreData.framework */; };
		2C1E1DAA21A1465C0039046D /* UIKit.framework in Frameworks */ = {isa = PBXBuildFile; fileRef = 2C1E1D9B21A1465B0039046D /* UIKit.framework */; };
		2C1E1DAB21A1465C0039046D /* CoreText.framework in Frameworks */ = {isa = PBXBuildFile; fileRef = 2C1E1D9C21A1465B0039046D /* CoreText.framework */; };
		2C1E1DAC21A1465C0039046D /* libc++.tbd in Frameworks */ = {isa = PBXBuildFile; fileRef = 2C1E1D9D21A1465C0039046D /* libc++.tbd */; };
		2C1E1DAD21A1465C0039046D /* QuartzCore.framework in Frameworks */ = {isa = PBXBuildFile; fileRef = 2C1E1D9E21A1465C0039046D /* QuartzCore.framework */; };
		2C1E1DAE21A1465C0039046D /* Accelerate.framework in Frameworks */ = {isa = PBXBuildFile; fileRef = 2C1E1D9F21A1465C0039046D /* Accelerate.framework */; };
		2C1E1DAF21A1465C0039046D /* CoreGraphics.framework in Frameworks */ = {isa = PBXBuildFile; fileRef = 2C1E1DA021A1465C0039046D /* CoreGraphics.framework */; };
		2C2A0CAB1F6D8FEE00F3C36B /* AppDelegate.swift in Sources */ = {isa = PBXBuildFile; fileRef = 2C2A0CAA1F6D8FEE00F3C36B /* AppDelegate.swift */; };
		2C2A0CAD1F6D8FEE00F3C36B /* ViewController.swift in Sources */ = {isa = PBXBuildFile; fileRef = 2C2A0CAC1F6D8FEE00F3C36B /* ViewController.swift */; };
		2C2A0CB01F6D8FEE00F3C36B /* Main.storyboard in Resources */ = {isa = PBXBuildFile; fileRef = 2C2A0CAE1F6D8FEE00F3C36B /* Main.storyboard */; };
		2C2A0CB21F6D8FEE00F3C36B /* Assets.xcassets in Resources */ = {isa = PBXBuildFile; fileRef = 2C2A0CB11F6D8FEE00F3C36B /* Assets.xcassets */; };
		2C2A0CB51F6D8FEE00F3C36B /* LaunchScreen.storyboard in Resources */ = {isa = PBXBuildFile; fileRef = 2C2A0CB31F6D8FEE00F3C36B /* LaunchScreen.storyboard */; };
		2C2A0CC01F6D8FEF00F3C36B /* iWeatherAppTests.swift in Sources */ = {isa = PBXBuildFile; fileRef = 2C2A0CBF1F6D8FEF00F3C36B /* iWeatherAppTests.swift */; };
		2C2A0CCB1F6D8FEF00F3C36B /* iWeatherAppUITests.swift in Sources */ = {isa = PBXBuildFile; fileRef = 2C2A0CCA1F6D8FEF00F3C36B /* iWeatherAppUITests.swift */; };
		2C84DFFD2656E2C300BCC2AD /* Alamofire.framework in Frameworks */ = {isa = PBXBuildFile; fileRef = 2C84DFE32656E23000BCC2AD /* Alamofire.framework */; };
		2C84DFFE2656E2C300BCC2AD /* Alamofire.framework in Embed Frameworks */ = {isa = PBXBuildFile; fileRef = 2C84DFE32656E23000BCC2AD /* Alamofire.framework */; settings = {ATTRIBUTES = (CodeSignOnCopy, RemoveHeadersOnCopy, ); }; };
		2C84E0092656E36100BCC2AD /* SwiftyJSON.xcframework in Frameworks */ = {isa = PBXBuildFile; fileRef = 2C84E0022656E31A00BCC2AD /* SwiftyJSON.xcframework */; };
		2C84E00A2656E36100BCC2AD /* SwiftyJSON.xcframework in Embed Frameworks */ = {isa = PBXBuildFile; fileRef = 2C84E0022656E31A00BCC2AD /* SwiftyJSON.xcframework */; settings = {ATTRIBUTES = (CodeSignOnCopy, RemoveHeadersOnCopy, ); }; };
		2C84E00E2656E36600BCC2AD /* NVActivityIndicatorView.xcframework in Frameworks */ = {isa = PBXBuildFile; fileRef = 2C84E00D2656E36600BCC2AD /* NVActivityIndicatorView.xcframework */; };
		2C84E00F2656E36600BCC2AD /* NVActivityIndicatorView.xcframework in Embed Frameworks */ = {isa = PBXBuildFile; fileRef = 2C84E00D2656E36600BCC2AD /* NVActivityIndicatorView.xcframework */; settings = {ATTRIBUTES = (CodeSignOnCopy, RemoveHeadersOnCopy, ); }; };
		2C84E0132656E36B00BCC2AD /* NVActivityIndicatorViewAppExtension.xcframework in Frameworks */ = {isa = PBXBuildFile; fileRef = 2C84E0122656E36B00BCC2AD /* NVActivityIndicatorViewAppExtension.xcframework */; };
		2C84E0142656E36B00BCC2AD /* NVActivityIndicatorViewAppExtension.xcframework in Embed Frameworks */ = {isa = PBXBuildFile; fileRef = 2C84E0122656E36B00BCC2AD /* NVActivityIndicatorViewAppExtension.xcframework */; settings = {ATTRIBUTES = (CodeSignOnCopy, RemoveHeadersOnCopy, ); }; };
		2C84E0182656E37000BCC2AD /* NVActivityIndicatorViewExtended.xcframework in Frameworks */ = {isa = PBXBuildFile; fileRef = 2C84E0172656E37000BCC2AD /* NVActivityIndicatorViewExtended.xcframework */; };
		2C84E0192656E37000BCC2AD /* NVActivityIndicatorViewExtended.xcframework in Embed Frameworks */ = {isa = PBXBuildFile; fileRef = 2C84E0172656E37000BCC2AD /* NVActivityIndicatorViewExtended.xcframework */; settings = {ATTRIBUTES = (CodeSignOnCopy, RemoveHeadersOnCopy, ); }; };
		2C84E06B2656E3FA00BCC2AD /* AlamofireImage.framework in Frameworks */ = {isa = PBXBuildFile; fileRef = 2C84E0522656E3D300BCC2AD /* AlamofireImage.framework */; };
		2C84E06C2656E3FA00BCC2AD /* AlamofireImage.framework in Embed Frameworks */ = {isa = PBXBuildFile; fileRef = 2C84E0522656E3D300BCC2AD /* AlamofireImage.framework */; settings = {ATTRIBUTES = (CodeSignOnCopy, RemoveHeadersOnCopy, ); }; };
/* End PBXBuildFile section */

/* Begin PBXContainerItemProxy section */
		2C2A0CBC1F6D8FEF00F3C36B /* PBXContainerItemProxy */ = {
			isa = PBXContainerItemProxy;
			containerPortal = 2C2A0C9F1F6D8FEE00F3C36B /* Project object */;
			proxyType = 1;
			remoteGlobalIDString = 2C2A0CA61F6D8FEE00F3C36B;
			remoteInfo = iWeatherApp;
		};
		2C2A0CC71F6D8FEF00F3C36B /* PBXContainerItemProxy */ = {
			isa = PBXContainerItemProxy;
			containerPortal = 2C2A0C9F1F6D8FEE00F3C36B /* Project object */;
			proxyType = 1;
			remoteGlobalIDString = 2C2A0CA61F6D8FEE00F3C36B;
			remoteInfo = iWeatherApp;
		};
		2C84DFE22656E23000BCC2AD /* PBXContainerItemProxy */ = {
			isa = PBXContainerItemProxy;
			containerPortal = 2C84DFD72656E23000BCC2AD /* Alamofire.xcodeproj */;
			proxyType = 2;
			remoteGlobalIDString = F8111E3319A95C8B0040E7D1;
			remoteInfo = "Alamofire iOS";
		};
		2C84DFE42656E23000BCC2AD /* PBXContainerItemProxy */ = {
			isa = PBXContainerItemProxy;
			containerPortal = 2C84DFD72656E23000BCC2AD /* Alamofire.xcodeproj */;
			proxyType = 2;
			remoteGlobalIDString = F8111E3E19A95C8B0040E7D1;
			remoteInfo = "Alamofire iOS Tests";
		};
		2C84DFE62656E23000BCC2AD /* PBXContainerItemProxy */ = {
			isa = PBXContainerItemProxy;
			containerPortal = 2C84DFD72656E23000BCC2AD /* Alamofire.xcodeproj */;
			proxyType = 2;
			remoteGlobalIDString = 4DD67C0B1A5C55C900ED2280;
			remoteInfo = "Alamofire macOS";
		};
		2C84DFE82656E23000BCC2AD /* PBXContainerItemProxy */ = {
			isa = PBXContainerItemProxy;
			containerPortal = 2C84DFD72656E23000BCC2AD /* Alamofire.xcodeproj */;
			proxyType = 2;
			remoteGlobalIDString = F829C6B21A7A94F100A2CD59;
			remoteInfo = "Alamofire macOS Tests";
		};
		2C84DFEA2656E23000BCC2AD /* PBXContainerItemProxy */ = {
			isa = PBXContainerItemProxy;
			containerPortal = 2C84DFD72656E23000BCC2AD /* Alamofire.xcodeproj */;
			proxyType = 2;
			remoteGlobalIDString = 4CF626EF1BA7CB3E0011A099;
			remoteInfo = "Alamofire tvOS";
		};
		2C84DFEC2656E23000BCC2AD /* PBXContainerItemProxy */ = {
			isa = PBXContainerItemProxy;
			containerPortal = 2C84DFD72656E23000BCC2AD /* Alamofire.xcodeproj */;
			proxyType = 2;
			remoteGlobalIDString = 4CF626F81BA7CB3E0011A099;
			remoteInfo = "Alamofire tvOS Tests";
		};
		2C84DFEE2656E23000BCC2AD /* PBXContainerItemProxy */ = {
			isa = PBXContainerItemProxy;
			containerPortal = 2C84DFD72656E23000BCC2AD /* Alamofire.xcodeproj */;
			proxyType = 2;
			remoteGlobalIDString = E4202FE01B667AA100C997FB;
			remoteInfo = "Alamofire watchOS";
		};
		2C84DFF02656E23000BCC2AD /* PBXContainerItemProxy */ = {
			isa = PBXContainerItemProxy;
			containerPortal = 2C84DFD72656E23000BCC2AD /* Alamofire.xcodeproj */;
			proxyType = 2;
			remoteGlobalIDString = 31293065263E17D600473CEA;
			remoteInfo = "Alamofire watchOS Tests";
		};
		2C84E0512656E3D300BCC2AD /* PBXContainerItemProxy */ = {
			isa = PBXContainerItemProxy;
			containerPortal = 2C84E0462656E3D300BCC2AD /* AlamofireImage.xcodeproj */;
			proxyType = 2;
			remoteGlobalIDString = 4C9043771AABBFC5001B4E60;
			remoteInfo = "AlamofireImage iOS";
		};
		2C84E0532656E3D300BCC2AD /* PBXContainerItemProxy */ = {
			isa = PBXContainerItemProxy;
			containerPortal = 2C84E0462656E3D300BCC2AD /* AlamofireImage.xcodeproj */;
			proxyType = 2;
			remoteGlobalIDString = 4C9043821AABBFC5001B4E60;
			remoteInfo = "AlamofireImage iOS Tests";
		};
		2C84E0552656E3D300BCC2AD /* PBXContainerItemProxy */ = {
			isa = PBXContainerItemProxy;
			containerPortal = 2C84E0462656E3D300BCC2AD /* AlamofireImage.xcodeproj */;
			proxyType = 2;
			remoteGlobalIDString = 4CE611321AABC24E00D35044;
			remoteInfo = "AlamofireImage macOS";
		};
		2C84E0572656E3D300BCC2AD /* PBXContainerItemProxy */ = {
			isa = PBXContainerItemProxy;
			containerPortal = 2C84E0462656E3D300BCC2AD /* AlamofireImage.xcodeproj */;
			proxyType = 2;
			remoteGlobalIDString = 4CE611471AABC5C900D35044;
			remoteInfo = "AlamofireImage macOS Tests";
		};
		2C84E0592656E3D300BCC2AD /* PBXContainerItemProxy */ = {
			isa = PBXContainerItemProxy;
			containerPortal = 2C84E0462656E3D300BCC2AD /* AlamofireImage.xcodeproj */;
			proxyType = 2;
			remoteGlobalIDString = 4C16B37D1BA9399500A66EF0;
			remoteInfo = "AlamofireImage tvOS";
		};
		2C84E05B2656E3D300BCC2AD /* PBXContainerItemProxy */ = {
			isa = PBXContainerItemProxy;
			containerPortal = 2C84E0462656E3D300BCC2AD /* AlamofireImage.xcodeproj */;
			proxyType = 2;
			remoteGlobalIDString = 4C16B3861BA9399500A66EF0;
			remoteInfo = "AlamofireImage tvOS Tests";
		};
		2C84E05D2656E3D300BCC2AD /* PBXContainerItemProxy */ = {
			isa = PBXContainerItemProxy;
			containerPortal = 2C84E0462656E3D300BCC2AD /* AlamofireImage.xcodeproj */;
			proxyType = 2;
			remoteGlobalIDString = 4C4D4EC11B92976900C96855;
			remoteInfo = "AlamofireImage watchOS";
		};
		2C84E05F2656E3D300BCC2AD /* PBXContainerItemProxy */ = {
			isa = PBXContainerItemProxy;
			containerPortal = 2C84E0462656E3D300BCC2AD /* AlamofireImage.xcodeproj */;
			proxyType = 2;
			remoteGlobalIDString = 4C11830B2150517E007A8298;
			remoteInfo = "iOS Example";
		};
/* End PBXContainerItemProxy section */

/* Begin PBXCopyFilesBuildPhase section */
		2C84DFFF2656E2C300BCC2AD /* Embed Frameworks */ = {
			isa = PBXCopyFilesBuildPhase;
			buildActionMask = 2147483647;
			dstPath = "";
			dstSubfolderSpec = 10;
			files = (
				2C84DFFE2656E2C300BCC2AD /* Alamofire.framework in Embed Frameworks */,
				2C84E0142656E36B00BCC2AD /* NVActivityIndicatorViewAppExtension.xcframework in Embed Frameworks */,
				2C84E00F2656E36600BCC2AD /* NVActivityIndicatorView.xcframework in Embed Frameworks */,
				2C84E06C2656E3FA00BCC2AD /* AlamofireImage.framework in Embed Frameworks */,
				2C84E0192656E37000BCC2AD /* NVActivityIndicatorViewExtended.xcframework in Embed Frameworks */,
				2C84E00A2656E36100BCC2AD /* SwiftyJSON.xcframework in Embed Frameworks */,
			);
			name = "Embed Frameworks";
			runOnlyForDeploymentPostprocessing = 0;
		};
/* End PBXCopyFilesBuildPhase section */

/* Begin PBXFileReference section */
		2C1E1D8A21A1454E0039046D /* GoogleMapsBase.framework */ = {isa = PBXFileReference; lastKnownFileType = wrapper.framework; path = GoogleMapsBase.framework; sourceTree = "<group>"; };
		2C1E1D8C21A1456F0039046D /* GooglePlaces.framework */ = {isa = PBXFileReference; lastKnownFileType = wrapper.framework; path = GooglePlaces.framework; sourceTree = "<group>"; };
		2C1E1D9021A145C20039046D /* GooglePlaces.bundle */ = {isa = PBXFileReference; lastKnownFileType = "wrapper.plug-in"; name = GooglePlaces.bundle; path = GooglePlaces.framework/Resources/GooglePlaces.bundle; sourceTree = "<group>"; };
		2C1E1D9221A1465B0039046D /* ImageIO.framework */ = {isa = PBXFileReference; lastKnownFileType = wrapper.framework; name = ImageIO.framework; path = System/Library/Frameworks/ImageIO.framework; sourceTree = SDKROOT; };
		2C1E1D9321A1465B0039046D /* GLKit.framework */ = {isa = PBXFileReference; lastKnownFileType = wrapper.framework; name = GLKit.framework; path = System/Library/Frameworks/GLKit.framework; sourceTree = SDKROOT; };
		2C1E1D9421A1465B0039046D /* CoreImage.framework */ = {isa = PBXFileReference; lastKnownFileType = wrapper.framework; name = CoreImage.framework; path = System/Library/Frameworks/CoreImage.framework; sourceTree = SDKROOT; };
		2C1E1D9521A1465B0039046D /* CoreTelephony.framework */ = {isa = PBXFileReference; lastKnownFileType = wrapper.framework; name = CoreTelephony.framework; path = System/Library/Frameworks/CoreTelephony.framework; sourceTree = SDKROOT; };
		2C1E1D9621A1465B0039046D /* CoreLocation.framework */ = {isa = PBXFileReference; lastKnownFileType = wrapper.framework; name = CoreLocation.framework; path = System/Library/Frameworks/CoreLocation.framework; sourceTree = SDKROOT; };
		2C1E1D9721A1465B0039046D /* SystemConfiguration.framework */ = {isa = PBXFileReference; lastKnownFileType = wrapper.framework; name = SystemConfiguration.framework; path = System/Library/Frameworks/SystemConfiguration.framework; sourceTree = SDKROOT; };
		2C1E1D9821A1465B0039046D /* OpenGLES.framework */ = {isa = PBXFileReference; lastKnownFileType = wrapper.framework; name = OpenGLES.framework; path = System/Library/Frameworks/OpenGLES.framework; sourceTree = SDKROOT; };
		2C1E1D9921A1465B0039046D /* libz.tbd */ = {isa = PBXFileReference; lastKnownFileType = "sourcecode.text-based-dylib-definition"; name = libz.tbd; path = usr/lib/libz.tbd; sourceTree = SDKROOT; };
		2C1E1D9A21A1465B0039046D /* CoreData.framework */ = {isa = PBXFileReference; lastKnownFileType = wrapper.framework; name = CoreData.framework; path = System/Library/Frameworks/CoreData.framework; sourceTree = SDKROOT; };
		2C1E1D9B21A1465B0039046D /* UIKit.framework */ = {isa = PBXFileReference; lastKnownFileType = wrapper.framework; name = UIKit.framework; path = System/Library/Frameworks/UIKit.framework; sourceTree = SDKROOT; };
		2C1E1D9C21A1465B0039046D /* CoreText.framework */ = {isa = PBXFileReference; lastKnownFileType = wrapper.framework; name = CoreText.framework; path = System/Library/Frameworks/CoreText.framework; sourceTree = SDKROOT; };
		2C1E1D9D21A1465C0039046D /* libc++.tbd */ = {isa = PBXFileReference; lastKnownFileType = "sourcecode.text-based-dylib-definition"; name = "libc++.tbd"; path = "usr/lib/libc++.tbd"; sourceTree = SDKROOT; };
		2C1E1D9E21A1465C0039046D /* QuartzCore.framework */ = {isa = PBXFileReference; lastKnownFileType = wrapper.framework; name = QuartzCore.framework; path = System/Library/Frameworks/QuartzCore.framework; sourceTree = SDKROOT; };
		2C1E1D9F21A1465C0039046D /* Accelerate.framework */ = {isa = PBXFileReference; lastKnownFileType = wrapper.framework; name = Accelerate.framework; path = System/Library/Frameworks/Accelerate.framework; sourceTree = SDKROOT; };
		2C1E1DA021A1465C0039046D /* CoreGraphics.framework */ = {isa = PBXFileReference; lastKnownFileType = wrapper.framework; name = CoreGraphics.framework; path = System/Library/Frameworks/CoreGraphics.framework; sourceTree = SDKROOT; };
		2C1E1DB021A1931E0039046D /* NVActivityIndicatorView.framework */ = {isa = PBXFileReference; lastKnownFileType = wrapper.framework; name = NVActivityIndicatorView.framework; path = Carthage/Build/iOS/NVActivityIndicatorView.framework; sourceTree = "<group>"; };
		2C1E1DB121A1931F0039046D /* NVActivityIndicatorViewAppExtension.framework */ = {isa = PBXFileReference; lastKnownFileType = wrapper.framework; name = NVActivityIndicatorViewAppExtension.framework; path = Carthage/Build/iOS/NVActivityIndicatorViewAppExtension.framework; sourceTree = "<group>"; };
		2C21AC581F779B8D004E03A2 /* Alamofire.framework */ = {isa = PBXFileReference; lastKnownFileType = wrapper.framework; name = Alamofire.framework; path = Carthage/Build/iOS/Alamofire.framework; sourceTree = "<group>"; };
		2C21AC5C1F779B9E004E03A2 /* AlamofireImage.framework */ = {isa = PBXFileReference; lastKnownFileType = wrapper.framework; name = AlamofireImage.framework; path = Carthage/Build/iOS/AlamofireImage.framework; sourceTree = "<group>"; };
		2C21AC5F1F779BAF004E03A2 /* SwiftyJSON.framework */ = {isa = PBXFileReference; lastKnownFileType = wrapper.framework; name = SwiftyJSON.framework; path = Carthage/Build/iOS/SwiftyJSON.framework; sourceTree = "<group>"; };
		2C2A0CA71F6D8FEE00F3C36B /* iWeatherApp.app */ = {isa = PBXFileReference; explicitFileType = wrapper.application; includeInIndex = 0; path = iWeatherApp.app; sourceTree = BUILT_PRODUCTS_DIR; };
		2C2A0CAA1F6D8FEE00F3C36B /* AppDelegate.swift */ = {isa = PBXFileReference; lastKnownFileType = sourcecode.swift; path = AppDelegate.swift; sourceTree = "<group>"; };
		2C2A0CAC1F6D8FEE00F3C36B /* ViewController.swift */ = {isa = PBXFileReference; lastKnownFileType = sourcecode.swift; path = ViewController.swift; sourceTree = "<group>"; };
		2C2A0CAF1F6D8FEE00F3C36B /* Base */ = {isa = PBXFileReference; lastKnownFileType = file.storyboard; name = Base; path = Base.lproj/Main.storyboard; sourceTree = "<group>"; };
		2C2A0CB11F6D8FEE00F3C36B /* Assets.xcassets */ = {isa = PBXFileReference; lastKnownFileType = folder.assetcatalog; path = Assets.xcassets; sourceTree = "<group>"; };
		2C2A0CB41F6D8FEE00F3C36B /* Base */ = {isa = PBXFileReference; lastKnownFileType = file.storyboard; name = Base; path = Base.lproj/LaunchScreen.storyboard; sourceTree = "<group>"; };
		2C2A0CB61F6D8FEE00F3C36B /* Info.plist */ = {isa = PBXFileReference; lastKnownFileType = text.plist.xml; path = Info.plist; sourceTree = "<group>"; };
		2C2A0CBB1F6D8FEF00F3C36B /* iWeatherAppTests.xctest */ = {isa = PBXFileReference; explicitFileType = wrapper.cfbundle; includeInIndex = 0; path = iWeatherAppTests.xctest; sourceTree = BUILT_PRODUCTS_DIR; };
		2C2A0CBF1F6D8FEF00F3C36B /* iWeatherAppTests.swift */ = {isa = PBXFileReference; lastKnownFileType = sourcecode.swift; path = iWeatherAppTests.swift; sourceTree = "<group>"; };
		2C2A0CC11F6D8FEF00F3C36B /* Info.plist */ = {isa = PBXFileReference; lastKnownFileType = text.plist.xml; path = Info.plist; sourceTree = "<group>"; };
		2C2A0CC61F6D8FEF00F3C36B /* iWeatherAppUITests.xctest */ = {isa = PBXFileReference; explicitFileType = wrapper.cfbundle; includeInIndex = 0; path = iWeatherAppUITests.xctest; sourceTree = BUILT_PRODUCTS_DIR; };
		2C2A0CCA1F6D8FEF00F3C36B /* iWeatherAppUITests.swift */ = {isa = PBXFileReference; lastKnownFileType = sourcecode.swift; path = iWeatherAppUITests.swift; sourceTree = "<group>"; };
		2C2A0CCC1F6D8FEF00F3C36B /* Info.plist */ = {isa = PBXFileReference; lastKnownFileType = text.plist.xml; path = Info.plist; sourceTree = "<group>"; };
		2C31A5F11F770E19003D0350 /* Alamofire.framework */ = {isa = PBXFileReference; lastKnownFileType = wrapper.framework; name = Alamofire.framework; path = Carthage/Build/iOS/Alamofire.framework; sourceTree = "<group>"; };
		2C31A5F21F770E19003D0350 /* AlamofireImage.framework */ = {isa = PBXFileReference; lastKnownFileType = wrapper.framework; name = AlamofireImage.framework; path = Carthage/Build/iOS/AlamofireImage.framework; sourceTree = "<group>"; };
		2C31A5F31F770E19003D0350 /* SwiftyJSON.framework */ = {isa = PBXFileReference; lastKnownFileType = wrapper.framework; name = SwiftyJSON.framework; path = Carthage/Build/iOS/SwiftyJSON.framework; sourceTree = "<group>"; };
		2C84DFD72656E23000BCC2AD /* Alamofire.xcodeproj */ = {isa = PBXFileReference; lastKnownFileType = "wrapper.pb-project"; name = Alamofire.xcodeproj; path = Alamofire/Alamofire.xcodeproj; sourceTree = "<group>"; };
		2C84E0022656E31A00BCC2AD /* SwiftyJSON.xcframework */ = {isa = PBXFileReference; lastKnownFileType = wrapper.xcframework; name = SwiftyJSON.xcframework; path = Carthage/Build/SwiftyJSON.xcframework; sourceTree = "<group>"; };
		2C84E00D2656E36600BCC2AD /* NVActivityIndicatorView.xcframework */ = {isa = PBXFileReference; lastKnownFileType = wrapper.xcframework; name = NVActivityIndicatorView.xcframework; path = Carthage/Build/NVActivityIndicatorView.xcframework; sourceTree = "<group>"; };
		2C84E0122656E36B00BCC2AD /* NVActivityIndicatorViewAppExtension.xcframework */ = {isa = PBXFileReference; lastKnownFileType = wrapper.xcframework; name = NVActivityIndicatorViewAppExtension.xcframework; path = Carthage/Build/NVActivityIndicatorViewAppExtension.xcframework; sourceTree = "<group>"; };
		2C84E0172656E37000BCC2AD /* NVActivityIndicatorViewExtended.xcframework */ = {isa = PBXFileReference; lastKnownFileType = wrapper.xcframework; name = NVActivityIndicatorViewExtended.xcframework; path = Carthage/Build/NVActivityIndicatorViewExtended.xcframework; sourceTree = "<group>"; };
		2C84E0462656E3D300BCC2AD /* AlamofireImage.xcodeproj */ = {isa = PBXFileReference; lastKnownFileType = "wrapper.pb-project"; name = AlamofireImage.xcodeproj; path = AlamofireImage/AlamofireImage.xcodeproj; sourceTree = "<group>"; };
/* End PBXFileReference section */

/* Begin PBXFrameworksBuildPhase section */
		2C2A0CA41F6D8FEE00F3C36B /* Frameworks */ = {
			isa = PBXFrameworksBuildPhase;
			buildActionMask = 2147483647;
			files = (
				2C1E1DA121A1465C0039046D /* ImageIO.framework in Frameworks */,
				2C84DFFD2656E2C300BCC2AD /* Alamofire.framework in Frameworks */,
				2C1E1DA221A1465C0039046D /* GLKit.framework in Frameworks */,
				2C1E1DA321A1465C0039046D /* CoreImage.framework in Frameworks */,
				2C1E1DA421A1465C0039046D /* CoreTelephony.framework in Frameworks */,
				2C1E1DA521A1465C0039046D /* CoreLocation.framework in Frameworks */,
				2C1E1DA621A1465C0039046D /* SystemConfiguration.framework in Frameworks */,
				2C1E1DA721A1465C0039046D /* OpenGLES.framework in Frameworks */,
				2C1E1DA821A1465C0039046D /* libz.tbd in Frameworks */,
				2C1E1DA921A1465C0039046D /* CoreData.framework in Frameworks */,
				2C84E0182656E37000BCC2AD /* NVActivityIndicatorViewExtended.xcframework in Frameworks */,
				2C1E1DAA21A1465C0039046D /* UIKit.framework in Frameworks */,
				2C1E1DAB21A1465C0039046D /* CoreText.framework in Frameworks */,
				2C1E1DAC21A1465C0039046D /* libc++.tbd in Frameworks */,
				2C1E1DAD21A1465C0039046D /* QuartzCore.framework in Frameworks */,
				2C84E0132656E36B00BCC2AD /* NVActivityIndicatorViewAppExtension.xcframework in Frameworks */,
				2C1E1DAE21A1465C0039046D /* Accelerate.framework in Frameworks */,
				2C84E0092656E36100BCC2AD /* SwiftyJSON.xcframework in Frameworks */,
				2C1E1DAF21A1465C0039046D /* CoreGraphics.framework in Frameworks */,
				2C1E1D8B21A1454E0039046D /* GoogleMapsBase.framework in Frameworks */,
				2C1E1D8D21A1456F0039046D /* GooglePlaces.framework in Frameworks */,
				2C84E00E2656E36600BCC2AD /* NVActivityIndicatorView.xcframework in Frameworks */,
				2C84E06B2656E3FA00BCC2AD /* AlamofireImage.framework in Frameworks */,
			);
			runOnlyForDeploymentPostprocessing = 0;
		};
		2C2A0CB81F6D8FEF00F3C36B /* Frameworks */ = {
			isa = PBXFrameworksBuildPhase;
			buildActionMask = 2147483647;
			files = (
			);
			runOnlyForDeploymentPostprocessing = 0;
		};
		2C2A0CC31F6D8FEF00F3C36B /* Frameworks */ = {
			isa = PBXFrameworksBuildPhase;
			buildActionMask = 2147483647;
			files = (
			);
			runOnlyForDeploymentPostprocessing = 0;
		};
/* End PBXFrameworksBuildPhase section */

/* Begin PBXGroup section */
		2C2A0C9E1F6D8FEE00F3C36B = {
			isa = PBXGroup;
			children = (
				2C84E0462656E3D300BCC2AD /* AlamofireImage.xcodeproj */,
				2C84DFD72656E23000BCC2AD /* Alamofire.xcodeproj */,
				2C1E1DB021A1931E0039046D /* NVActivityIndicatorView.framework */,
				2C1E1DB121A1931F0039046D /* NVActivityIndicatorViewAppExtension.framework */,
				2C1E1D9021A145C20039046D /* GooglePlaces.bundle */,
				2C1E1D8C21A1456F0039046D /* GooglePlaces.framework */,
				2C1E1D8A21A1454E0039046D /* GoogleMapsBase.framework */,
				2C21AC5F1F779BAF004E03A2 /* SwiftyJSON.framework */,
				2C21AC5C1F779B9E004E03A2 /* AlamofireImage.framework */,
				2C21AC581F779B8D004E03A2 /* Alamofire.framework */,
				2C2A0CA91F6D8FEE00F3C36B /* iWeatherApp */,
				2C2A0CBE1F6D8FEF00F3C36B /* iWeatherAppTests */,
				2C2A0CC91F6D8FEF00F3C36B /* iWeatherAppUITests */,
				2C2A0CA81F6D8FEE00F3C36B /* Products */,
				2C31A5F01F770E18003D0350 /* Frameworks */,
			);
			sourceTree = "<group>";
		};
		2C2A0CA81F6D8FEE00F3C36B /* Products */ = {
			isa = PBXGroup;
			children = (
				2C2A0CA71F6D8FEE00F3C36B /* iWeatherApp.app */,
				2C2A0CBB1F6D8FEF00F3C36B /* iWeatherAppTests.xctest */,
				2C2A0CC61F6D8FEF00F3C36B /* iWeatherAppUITests.xctest */,
			);
			name = Products;
			sourceTree = "<group>";
		};
		2C2A0CA91F6D8FEE00F3C36B /* iWeatherApp */ = {
			isa = PBXGroup;
			children = (
				2C2A0CAA1F6D8FEE00F3C36B /* AppDelegate.swift */,
				2C2A0CAC1F6D8FEE00F3C36B /* ViewController.swift */,
				2C2A0CAE1F6D8FEE00F3C36B /* Main.storyboard */,
				2C2A0CB11F6D8FEE00F3C36B /* Assets.xcassets */,
				2C2A0CB31F6D8FEE00F3C36B /* LaunchScreen.storyboard */,
				2C2A0CB61F6D8FEE00F3C36B /* Info.plist */,
			);
			path = iWeatherApp;
			sourceTree = "<group>";
		};
		2C2A0CBE1F6D8FEF00F3C36B /* iWeatherAppTests */ = {
			isa = PBXGroup;
			children = (
				2C2A0CBF1F6D8FEF00F3C36B /* iWeatherAppTests.swift */,
				2C2A0CC11F6D8FEF00F3C36B /* Info.plist */,
			);
			path = iWeatherAppTests;
			sourceTree = "<group>";
		};
		2C2A0CC91F6D8FEF00F3C36B /* iWeatherAppUITests */ = {
			isa = PBXGroup;
			children = (
				2C2A0CCA1F6D8FEF00F3C36B /* iWeatherAppUITests.swift */,
				2C2A0CCC1F6D8FEF00F3C36B /* Info.plist */,
			);
			path = iWeatherAppUITests;
			sourceTree = "<group>";
		};
		2C31A5F01F770E18003D0350 /* Frameworks */ = {
			isa = PBXGroup;
			children = (
				2C84E0172656E37000BCC2AD /* NVActivityIndicatorViewExtended.xcframework */,
				2C84E0122656E36B00BCC2AD /* NVActivityIndicatorViewAppExtension.xcframework */,
				2C84E00D2656E36600BCC2AD /* NVActivityIndicatorView.xcframework */,
				2C84E0022656E31A00BCC2AD /* SwiftyJSON.xcframework */,
				2C1E1D9F21A1465C0039046D /* Accelerate.framework */,
				2C1E1D9A21A1465B0039046D /* CoreData.framework */,
				2C1E1DA021A1465C0039046D /* CoreGraphics.framework */,
				2C1E1D9421A1465B0039046D /* CoreImage.framework */,
				2C1E1D9621A1465B0039046D /* CoreLocation.framework */,
				2C1E1D9521A1465B0039046D /* CoreTelephony.framework */,
				2C1E1D9C21A1465B0039046D /* CoreText.framework */,
				2C1E1D9321A1465B0039046D /* GLKit.framework */,
				2C1E1D9221A1465B0039046D /* ImageIO.framework */,
				2C1E1D9D21A1465C0039046D /* libc++.tbd */,
				2C1E1D9921A1465B0039046D /* libz.tbd */,
				2C1E1D9821A1465B0039046D /* OpenGLES.framework */,
				2C1E1D9E21A1465C0039046D /* QuartzCore.framework */,
				2C1E1D9721A1465B0039046D /* SystemConfiguration.framework */,
				2C1E1D9B21A1465B0039046D /* UIKit.framework */,
				2C31A5F11F770E19003D0350 /* Alamofire.framework */,
				2C31A5F21F770E19003D0350 /* AlamofireImage.framework */,
				2C31A5F31F770E19003D0350 /* SwiftyJSON.framework */,
			);
			name = Frameworks;
			sourceTree = "<group>";
		};
		2C84DFD82656E23000BCC2AD /* Products */ = {
			isa = PBXGroup;
			children = (
				2C84DFE32656E23000BCC2AD /* Alamofire.framework */,
				2C84DFE52656E23000BCC2AD /* Alamofire iOS Tests.xctest */,
				2C84DFE72656E23000BCC2AD /* Alamofire.framework */,
				2C84DFE92656E23000BCC2AD /* Alamofire macOS Tests.xctest */,
				2C84DFEB2656E23000BCC2AD /* Alamofire.framework */,
				2C84DFED2656E23000BCC2AD /* Alamofire tvOS Tests.xctest */,
				2C84DFEF2656E23000BCC2AD /* Alamofire.framework */,
				2C84DFF12656E23000BCC2AD /* Alamofire watchOS Tests.xctest */,
			);
			name = Products;
			sourceTree = "<group>";
		};
		2C84E0472656E3D300BCC2AD /* Products */ = {
			isa = PBXGroup;
			children = (
				2C84E0522656E3D300BCC2AD /* AlamofireImage.framework */,
				2C84E0542656E3D300BCC2AD /* AlamofireImage iOS Tests.xctest */,
				2C84E0562656E3D300BCC2AD /* AlamofireImage.framework */,
				2C84E0582656E3D300BCC2AD /* AlamofireImage macOS Tests.xctest */,
				2C84E05A2656E3D300BCC2AD /* AlamofireImage.framework */,
				2C84E05C2656E3D300BCC2AD /* AlamofireImage tvOS Tests.xctest */,
				2C84E05E2656E3D300BCC2AD /* AlamofireImage.framework */,
				2C84E0602656E3D300BCC2AD /* iOS Example.app */,
			);
			name = Products;
			sourceTree = "<group>";
		};
/* End PBXGroup section */

/* Begin PBXNativeTarget section */
		2C2A0CA61F6D8FEE00F3C36B /* iWeatherApp */ = {
			isa = PBXNativeTarget;
			buildConfigurationList = 2C2A0CCF1F6D8FEF00F3C36B /* Build configuration list for PBXNativeTarget "iWeatherApp" */;
			buildPhases = (
				2C2A0CA31F6D8FEE00F3C36B /* Sources */,
				2C2A0CA41F6D8FEE00F3C36B /* Frameworks */,
				2C2A0CA51F6D8FEE00F3C36B /* Resources */,
				2C84DFFF2656E2C300BCC2AD /* Embed Frameworks */,
			);
			buildRules = (
			);
			dependencies = (
			);
			name = iWeatherApp;
			productName = iWeatherApp;
			productReference = 2C2A0CA71F6D8FEE00F3C36B /* iWeatherApp.app */;
			productType = "com.apple.product-type.application";
		};
		2C2A0CBA1F6D8FEF00F3C36B /* iWeatherAppTests */ = {
			isa = PBXNativeTarget;
			buildConfigurationList = 2C2A0CD21F6D8FEF00F3C36B /* Build configuration list for PBXNativeTarget "iWeatherAppTests" */;
			buildPhases = (
				2C2A0CB71F6D8FEF00F3C36B /* Sources */,
				2C2A0CB81F6D8FEF00F3C36B /* Frameworks */,
				2C2A0CB91F6D8FEF00F3C36B /* Resources */,
			);
			buildRules = (
			);
			dependencies = (
				2C2A0CBD1F6D8FEF00F3C36B /* PBXTargetDependency */,
			);
			name = iWeatherAppTests;
			productName = iWeatherAppTests;
			productReference = 2C2A0CBB1F6D8FEF00F3C36B /* iWeatherAppTests.xctest */;
			productType = "com.apple.product-type.bundle.unit-test";
		};
		2C2A0CC51F6D8FEF00F3C36B /* iWeatherAppUITests */ = {
			isa = PBXNativeTarget;
			buildConfigurationList = 2C2A0CD51F6D8FEF00F3C36B /* Build configuration list for PBXNativeTarget "iWeatherAppUITests" */;
			buildPhases = (
				2C2A0CC21F6D8FEF00F3C36B /* Sources */,
				2C2A0CC31F6D8FEF00F3C36B /* Frameworks */,
				2C2A0CC41F6D8FEF00F3C36B /* Resources */,
			);
			buildRules = (
			);
			dependencies = (
				2C2A0CC81F6D8FEF00F3C36B /* PBXTargetDependency */,
			);
			name = iWeatherAppUITests;
			productName = iWeatherAppUITests;
			productReference = 2C2A0CC61F6D8FEF00F3C36B /* iWeatherAppUITests.xctest */;
			productType = "com.apple.product-type.bundle.ui-testing";
		};
/* End PBXNativeTarget section */

/* Begin PBXProject section */
		2C2A0C9F1F6D8FEE00F3C36B /* Project object */ = {
			isa = PBXProject;
			attributes = {
				LastSwiftUpdateCheck = 0830;
				LastUpgradeCheck = 0830;
				ORGANIZATIONNAME = "Dino  Omanovic";
				TargetAttributes = {
					2C2A0CA61F6D8FEE00F3C36B = {
						CreatedOnToolsVersion = 8.3.3;
						DevelopmentTeam = 2QDJ5D23UZ;
						ProvisioningStyle = Automatic;
					};
					2C2A0CBA1F6D8FEF00F3C36B = {
						CreatedOnToolsVersion = 8.3.3;
						ProvisioningStyle = Automatic;
						TestTargetID = 2C2A0CA61F6D8FEE00F3C36B;
					};
					2C2A0CC51F6D8FEF00F3C36B = {
						CreatedOnToolsVersion = 8.3.3;
						ProvisioningStyle = Automatic;
						TestTargetID = 2C2A0CA61F6D8FEE00F3C36B;
					};
				};
			};
			buildConfigurationList = 2C2A0CA21F6D8FEE00F3C36B /* Build configuration list for PBXProject "iWeatherApp" */;
			compatibilityVersion = "Xcode 3.2";
			developmentRegion = English;
			hasScannedForEncodings = 0;
			knownRegions = (
				English,
				en,
				Base,
			);
			mainGroup = 2C2A0C9E1F6D8FEE00F3C36B;
			productRefGroup = 2C2A0CA81F6D8FEE00F3C36B /* Products */;
			projectDirPath = "";
			projectReferences = (
				{
					ProductGroup = 2C84DFD82656E23000BCC2AD /* Products */;
					ProjectRef = 2C84DFD72656E23000BCC2AD /* Alamofire.xcodeproj */;
				},
				{
					ProductGroup = 2C84E0472656E3D300BCC2AD /* Products */;
					ProjectRef = 2C84E0462656E3D300BCC2AD /* AlamofireImage.xcodeproj */;
				},
			);
			projectRoot = "";
			targets = (
				2C2A0CA61F6D8FEE00F3C36B /* iWeatherApp */,
				2C2A0CBA1F6D8FEF00F3C36B /* iWeatherAppTests */,
				2C2A0CC51F6D8FEF00F3C36B /* iWeatherAppUITests */,
			);
		};
/* End PBXProject section */

/* Begin PBXReferenceProxy section */
		2C84DFE32656E23000BCC2AD /* Alamofire.framework */ = {
			isa = PBXReferenceProxy;
			fileType = wrapper.framework;
			path = Alamofire.framework;
			remoteRef = 2C84DFE22656E23000BCC2AD /* PBXContainerItemProxy */;
			sourceTree = BUILT_PRODUCTS_DIR;
		};
		2C84DFE52656E23000BCC2AD /* Alamofire iOS Tests.xctest */ = {
			isa = PBXReferenceProxy;
			fileType = wrapper.cfbundle;
			path = "Alamofire iOS Tests.xctest";
			remoteRef = 2C84DFE42656E23000BCC2AD /* PBXContainerItemProxy */;
			sourceTree = BUILT_PRODUCTS_DIR;
		};
		2C84DFE72656E23000BCC2AD /* Alamofire.framework */ = {
			isa = PBXReferenceProxy;
			fileType = wrapper.framework;
			path = Alamofire.framework;
			remoteRef = 2C84DFE62656E23000BCC2AD /* PBXContainerItemProxy */;
			sourceTree = BUILT_PRODUCTS_DIR;
		};
		2C84DFE92656E23000BCC2AD /* Alamofire macOS Tests.xctest */ = {
			isa = PBXReferenceProxy;
			fileType = wrapper.cfbundle;
			path = "Alamofire macOS Tests.xctest";
			remoteRef = 2C84DFE82656E23000BCC2AD /* PBXContainerItemProxy */;
			sourceTree = BUILT_PRODUCTS_DIR;
		};
		2C84DFEB2656E23000BCC2AD /* Alamofire.framework */ = {
			isa = PBXReferenceProxy;
			fileType = wrapper.framework;
			path = Alamofire.framework;
			remoteRef = 2C84DFEA2656E23000BCC2AD /* PBXContainerItemProxy */;
			sourceTree = BUILT_PRODUCTS_DIR;
		};
		2C84DFED2656E23000BCC2AD /* Alamofire tvOS Tests.xctest */ = {
			isa = PBXReferenceProxy;
			fileType = wrapper.cfbundle;
			path = "Alamofire tvOS Tests.xctest";
			remoteRef = 2C84DFEC2656E23000BCC2AD /* PBXContainerItemProxy */;
			sourceTree = BUILT_PRODUCTS_DIR;
		};
		2C84DFEF2656E23000BCC2AD /* Alamofire.framework */ = {
			isa = PBXReferenceProxy;
			fileType = wrapper.framework;
			path = Alamofire.framework;
			remoteRef = 2C84DFEE2656E23000BCC2AD /* PBXContainerItemProxy */;
			sourceTree = BUILT_PRODUCTS_DIR;
		};
		2C84DFF12656E23000BCC2AD /* Alamofire watchOS Tests.xctest */ = {
			isa = PBXReferenceProxy;
			fileType = wrapper.cfbundle;
			path = "Alamofire watchOS Tests.xctest";
			remoteRef = 2C84DFF02656E23000BCC2AD /* PBXContainerItemProxy */;
			sourceTree = BUILT_PRODUCTS_DIR;
		};
		2C84E0522656E3D300BCC2AD /* AlamofireImage.framework */ = {
			isa = PBXReferenceProxy;
			fileType = wrapper.framework;
			path = AlamofireImage.framework;
			remoteRef = 2C84E0512656E3D300BCC2AD /* PBXContainerItemProxy */;
			sourceTree = BUILT_PRODUCTS_DIR;
		};
		2C84E0542656E3D300BCC2AD /* AlamofireImage iOS Tests.xctest */ = {
			isa = PBXReferenceProxy;
			fileType = wrapper.cfbundle;
			path = "AlamofireImage iOS Tests.xctest";
			remoteRef = 2C84E0532656E3D300BCC2AD /* PBXContainerItemProxy */;
			sourceTree = BUILT_PRODUCTS_DIR;
		};
		2C84E0562656E3D300BCC2AD /* AlamofireImage.framework */ = {
			isa = PBXReferenceProxy;
			fileType = wrapper.framework;
			path = AlamofireImage.framework;
			remoteRef = 2C84E0552656E3D300BCC2AD /* PBXContainerItemProxy */;
			sourceTree = BUILT_PRODUCTS_DIR;
		};
		2C84E0582656E3D300BCC2AD /* AlamofireImage macOS Tests.xctest */ = {
			isa = PBXReferenceProxy;
			fileType = wrapper.cfbundle;
			path = "AlamofireImage macOS Tests.xctest";
			remoteRef = 2C84E0572656E3D300BCC2AD /* PBXContainerItemProxy */;
			sourceTree = BUILT_PRODUCTS_DIR;
		};
		2C84E05A2656E3D300BCC2AD /* AlamofireImage.framework */ = {
			isa = PBXReferenceProxy;
			fileType = wrapper.framework;
			path = AlamofireImage.framework;
			remoteRef = 2C84E0592656E3D300BCC2AD /* PBXContainerItemProxy */;
			sourceTree = BUILT_PRODUCTS_DIR;
		};
		2C84E05C2656E3D300BCC2AD /* AlamofireImage tvOS Tests.xctest */ = {
			isa = PBXReferenceProxy;
			fileType = wrapper.cfbundle;
			path = "AlamofireImage tvOS Tests.xctest";
			remoteRef = 2C84E05B2656E3D300BCC2AD /* PBXContainerItemProxy */;
			sourceTree = BUILT_PRODUCTS_DIR;
		};
		2C84E05E2656E3D300BCC2AD /* AlamofireImage.framework */ = {
			isa = PBXReferenceProxy;
			fileType = wrapper.framework;
			path = AlamofireImage.framework;
			remoteRef = 2C84E05D2656E3D300BCC2AD /* PBXContainerItemProxy */;
			sourceTree = BUILT_PRODUCTS_DIR;
		};
		2C84E0602656E3D300BCC2AD /* iOS Example.app */ = {
			isa = PBXReferenceProxy;
			fileType = wrapper.application;
			path = "iOS Example.app";
			remoteRef = 2C84E05F2656E3D300BCC2AD /* PBXContainerItemProxy */;
			sourceTree = BUILT_PRODUCTS_DIR;
		};
/* End PBXReferenceProxy section */

/* Begin PBXResourcesBuildPhase section */
		2C2A0CA51F6D8FEE00F3C36B /* Resources */ = {
			isa = PBXResourcesBuildPhase;
			buildActionMask = 2147483647;
			files = (
				2C1E1D9121A145C30039046D /* GooglePlaces.bundle in Resources */,
				2C2A0CB51F6D8FEE00F3C36B /* LaunchScreen.storyboard in Resources */,
				2C2A0CB21F6D8FEE00F3C36B /* Assets.xcassets in Resources */,
				2C2A0CB01F6D8FEE00F3C36B /* Main.storyboard in Resources */,
			);
			runOnlyForDeploymentPostprocessing = 0;
		};
		2C2A0CB91F6D8FEF00F3C36B /* Resources */ = {
			isa = PBXResourcesBuildPhase;
			buildActionMask = 2147483647;
			files = (
			);
			runOnlyForDeploymentPostprocessing = 0;
		};
		2C2A0CC41F6D8FEF00F3C36B /* Resources */ = {
			isa = PBXResourcesBuildPhase;
			buildActionMask = 2147483647;
			files = (
			);
			runOnlyForDeploymentPostprocessing = 0;
		};
/* End PBXResourcesBuildPhase section */

/* Begin PBXSourcesBuildPhase section */
		2C2A0CA31F6D8FEE00F3C36B /* Sources */ = {
			isa = PBXSourcesBuildPhase;
			buildActionMask = 2147483647;
			files = (
				2C2A0CAD1F6D8FEE00F3C36B /* ViewController.swift in Sources */,
				2C2A0CAB1F6D8FEE00F3C36B /* AppDelegate.swift in Sources */,
			);
			runOnlyForDeploymentPostprocessing = 0;
		};
		2C2A0CB71F6D8FEF00F3C36B /* Sources */ = {
			isa = PBXSourcesBuildPhase;
			buildActionMask = 2147483647;
			files = (
				2C2A0CC01F6D8FEF00F3C36B /* iWeatherAppTests.swift in Sources */,
			);
			runOnlyForDeploymentPostprocessing = 0;
		};
		2C2A0CC21F6D8FEF00F3C36B /* Sources */ = {
			isa = PBXSourcesBuildPhase;
			buildActionMask = 2147483647;
			files = (
				2C2A0CCB1F6D8FEF00F3C36B /* iWeatherAppUITests.swift in Sources */,
			);
			runOnlyForDeploymentPostprocessing = 0;
		};
/* End PBXSourcesBuildPhase section */

/* Begin PBXTargetDependency section */
		2C2A0CBD1F6D8FEF00F3C36B /* PBXTargetDependency */ = {
			isa = PBXTargetDependency;
			target = 2C2A0CA61F6D8FEE00F3C36B /* iWeatherApp */;
			targetProxy = 2C2A0CBC1F6D8FEF00F3C36B /* PBXContainerItemProxy */;
		};
		2C2A0CC81F6D8FEF00F3C36B /* PBXTargetDependency */ = {
			isa = PBXTargetDependency;
			target = 2C2A0CA61F6D8FEE00F3C36B /* iWeatherApp */;
			targetProxy = 2C2A0CC71F6D8FEF00F3C36B /* PBXContainerItemProxy */;
		};
/* End PBXTargetDependency section */

/* Begin PBXVariantGroup section */
		2C2A0CAE1F6D8FEE00F3C36B /* Main.storyboard */ = {
			isa = PBXVariantGroup;
			children = (
				2C2A0CAF1F6D8FEE00F3C36B /* Base */,
			);
			name = Main.storyboard;
			sourceTree = "<group>";
		};
		2C2A0CB31F6D8FEE00F3C36B /* LaunchScreen.storyboard */ = {
			isa = PBXVariantGroup;
			children = (
				2C2A0CB41F6D8FEE00F3C36B /* Base */,
			);
			name = LaunchScreen.storyboard;
			sourceTree = "<group>";
		};
/* End PBXVariantGroup section */

/* Begin XCBuildConfiguration section */
		2C2A0CCD1F6D8FEF00F3C36B /* Debug */ = {
			isa = XCBuildConfiguration;
			buildSettings = {
				ALWAYS_SEARCH_USER_PATHS = NO;
				CLANG_ANALYZER_NONNULL = YES;
				CLANG_ANALYZER_NUMBER_OBJECT_CONVERSION = YES_AGGRESSIVE;
				CLANG_CXX_LANGUAGE_STANDARD = "gnu++0x";
				CLANG_CXX_LIBRARY = "libc++";
				CLANG_ENABLE_MODULES = YES;
				CLANG_ENABLE_OBJC_ARC = YES;
				CLANG_WARN_BOOL_CONVERSION = YES;
				CLANG_WARN_CONSTANT_CONVERSION = YES;
				CLANG_WARN_DIRECT_OBJC_ISA_USAGE = YES_ERROR;
				CLANG_WARN_DOCUMENTATION_COMMENTS = YES;
				CLANG_WARN_EMPTY_BODY = YES;
				CLANG_WARN_ENUM_CONVERSION = YES;
				CLANG_WARN_INFINITE_RECURSION = YES;
				CLANG_WARN_INT_CONVERSION = YES;
				CLANG_WARN_OBJC_ROOT_CLASS = YES_ERROR;
				CLANG_WARN_SUSPICIOUS_MOVE = YES;
				CLANG_WARN_UNREACHABLE_CODE = YES;
				CLANG_WARN__DUPLICATE_METHOD_MATCH = YES;
				"CODE_SIGN_IDENTITY[sdk=iphoneos*]" = "iPhone Developer";
				COPY_PHASE_STRIP = NO;
				DEBUG_INFORMATION_FORMAT = dwarf;
				ENABLE_STRICT_OBJC_MSGSEND = YES;
				ENABLE_TESTABILITY = YES;
				GCC_C_LANGUAGE_STANDARD = gnu99;
				GCC_DYNAMIC_NO_PIC = NO;
				GCC_NO_COMMON_BLOCKS = YES;
				GCC_OPTIMIZATION_LEVEL = 0;
				GCC_PREPROCESSOR_DEFINITIONS = (
					"DEBUG=1",
					"$(inherited)",
				);
				GCC_WARN_64_TO_32_BIT_CONVERSION = YES;
				GCC_WARN_ABOUT_RETURN_TYPE = YES_ERROR;
				GCC_WARN_UNDECLARED_SELECTOR = YES;
				GCC_WARN_UNINITIALIZED_AUTOS = YES_AGGRESSIVE;
				GCC_WARN_UNUSED_FUNCTION = YES;
				GCC_WARN_UNUSED_VARIABLE = YES;
				IPHONEOS_DEPLOYMENT_TARGET = 10.3;
				MTL_ENABLE_DEBUG_INFO = YES;
				ONLY_ACTIVE_ARCH = YES;
				SDKROOT = iphoneos;
				SWIFT_ACTIVE_COMPILATION_CONDITIONS = DEBUG;
				SWIFT_OPTIMIZATION_LEVEL = "-Onone";
				TARGETED_DEVICE_FAMILY = "1,2";
			};
			name = Debug;
		};
		2C2A0CCE1F6D8FEF00F3C36B /* Release */ = {
			isa = XCBuildConfiguration;
			buildSettings = {
				ALWAYS_SEARCH_USER_PATHS = NO;
				CLANG_ANALYZER_NONNULL = YES;
				CLANG_ANALYZER_NUMBER_OBJECT_CONVERSION = YES_AGGRESSIVE;
				CLANG_CXX_LANGUAGE_STANDARD = "gnu++0x";
				CLANG_CXX_LIBRARY = "libc++";
				CLANG_ENABLE_MODULES = YES;
				CLANG_ENABLE_OBJC_ARC = YES;
				CLANG_WARN_BOOL_CONVERSION = YES;
				CLANG_WARN_CONSTANT_CONVERSION = YES;
				CLANG_WARN_DIRECT_OBJC_ISA_USAGE = YES_ERROR;
				CLANG_WARN_DOCUMENTATION_COMMENTS = YES;
				CLANG_WARN_EMPTY_BODY = YES;
				CLANG_WARN_ENUM_CONVERSION = YES;
				CLANG_WARN_INFINITE_RECURSION = YES;
				CLANG_WARN_INT_CONVERSION = YES;
				CLANG_WARN_OBJC_ROOT_CLASS = YES_ERROR;
				CLANG_WARN_SUSPICIOUS_MOVE = YES;
				CLANG_WARN_UNREACHABLE_CODE = YES;
				CLANG_WARN__DUPLICATE_METHOD_MATCH = YES;
				"CODE_SIGN_IDENTITY[sdk=iphoneos*]" = "iPhone Developer";
				COPY_PHASE_STRIP = NO;
				DEBUG_INFORMATION_FORMAT = "dwarf-with-dsym";
				ENABLE_NS_ASSERTIONS = NO;
				ENABLE_STRICT_OBJC_MSGSEND = YES;
				GCC_C_LANGUAGE_STANDARD = gnu99;
				GCC_NO_COMMON_BLOCKS = YES;
				GCC_WARN_64_TO_32_BIT_CONVERSION = YES;
				GCC_WARN_ABOUT_RETURN_TYPE = YES_ERROR;
				GCC_WARN_UNDECLARED_SELECTOR = YES;
				GCC_WARN_UNINITIALIZED_AUTOS = YES_AGGRESSIVE;
				GCC_WARN_UNUSED_FUNCTION = YES;
				GCC_WARN_UNUSED_VARIABLE = YES;
				IPHONEOS_DEPLOYMENT_TARGET = 10.3;
				MTL_ENABLE_DEBUG_INFO = NO;
				SDKROOT = iphoneos;
				SWIFT_COMPILATION_MODE = wholemodule;
				SWIFT_OPTIMIZATION_LEVEL = "-O";
				TARGETED_DEVICE_FAMILY = "1,2";
				VALIDATE_PRODUCT = YES;
			};
			name = Release;
		};
		2C2A0CD01F6D8FEF00F3C36B /* Debug */ = {
			isa = XCBuildConfiguration;
			buildSettings = {
				ASSETCATALOG_COMPILER_APPICON_NAME = AppIcon;
				CODE_SIGN_IDENTITY = "iPhone Developer";
				"CODE_SIGN_IDENTITY[sdk=iphoneos*]" = "iPhone Developer";
				CODE_SIGN_STYLE = Automatic;
				DEVELOPMENT_TEAM = 2QDJ5D23UZ;
				FRAMEWORK_SEARCH_PATHS = (
					"$(inherited)",
					"$(PROJECT_DIR)/Carthage/Build/iOS",
					"$(PROJECT_DIR)",
				);
				INFOPLIST_FILE = iWeatherApp/Info.plist;
				LD_RUNPATH_SEARCH_PATHS = (
					"$(inherited)",
					"@executable_path/Frameworks",
				);
				OTHER_LDFLAGS = "-ObjC";
				PRODUCT_BUNDLE_IDENTIFIER = odin.iWeatherApp;
				PRODUCT_NAME = "$(TARGET_NAME)";
				PROVISIONING_PROFILE_SPECIFIER = "";
				SWIFT_VERSION = 5.0;
			};
			name = Debug;
		};
		2C2A0CD11F6D8FEF00F3C36B /* Release */ = {
			isa = XCBuildConfiguration;
			buildSettings = {
				ASSETCATALOG_COMPILER_APPICON_NAME = AppIcon;
				CODE_SIGN_IDENTITY = "iPhone Developer";
				"CODE_SIGN_IDENTITY[sdk=iphoneos*]" = "iPhone Developer";
				CODE_SIGN_STYLE = Automatic;
				DEVELOPMENT_TEAM = 2QDJ5D23UZ;
				FRAMEWORK_SEARCH_PATHS = (
					"$(inherited)",
					"$(PROJECT_DIR)/Carthage/Build/iOS",
					"$(PROJECT_DIR)",
				);
				INFOPLIST_FILE = iWeatherApp/Info.plist;
				LD_RUNPATH_SEARCH_PATHS = (
					"$(inherited)",
					"@executable_path/Frameworks",
				);
				OTHER_LDFLAGS = "-ObjC";
				PRODUCT_BUNDLE_IDENTIFIER = odin.iWeatherApp;
				PRODUCT_NAME = "$(TARGET_NAME)";
				PROVISIONING_PROFILE_SPECIFIER = "";
				SWIFT_VERSION = 5.0;
			};
			name = Release;
		};
		2C2A0CD31F6D8FEF00F3C36B /* Debug */ = {
			isa = XCBuildConfiguration;
			buildSettings = {
				ALWAYS_EMBED_SWIFT_STANDARD_LIBRARIES = YES;
				BUNDLE_LOADER = "$(TEST_HOST)";
				INFOPLIST_FILE = iWeatherAppTests/Info.plist;
				LD_RUNPATH_SEARCH_PATHS = (
					"$(inherited)",
					"@executable_path/Frameworks",
					"@loader_path/Frameworks",
				);
				PRODUCT_BUNDLE_IDENTIFIER = odin.iWeatherAppTests;
				PRODUCT_NAME = "$(TARGET_NAME)";
				SWIFT_VERSION = 3.0;
				TEST_HOST = "$(BUILT_PRODUCTS_DIR)/iWeatherApp.app/iWeatherApp";
			};
			name = Debug;
		};
		2C2A0CD41F6D8FEF00F3C36B /* Release */ = {
			isa = XCBuildConfiguration;
			buildSettings = {
				ALWAYS_EMBED_SWIFT_STANDARD_LIBRARIES = YES;
				BUNDLE_LOADER = "$(TEST_HOST)";
				INFOPLIST_FILE = iWeatherAppTests/Info.plist;
				LD_RUNPATH_SEARCH_PATHS = (
					"$(inherited)",
					"@executable_path/Frameworks",
					"@loader_path/Frameworks",
				);
				PRODUCT_BUNDLE_IDENTIFIER = odin.iWeatherAppTests;
				PRODUCT_NAME = "$(TARGET_NAME)";
				SWIFT_VERSION = 3.0;
				TEST_HOST = "$(BUILT_PRODUCTS_DIR)/iWeatherApp.app/iWeatherApp";
			};
			name = Release;
		};
		2C2A0CD61F6D8FEF00F3C36B /* Debug */ = {
			isa = XCBuildConfiguration;
			buildSettings = {
				ALWAYS_EMBED_SWIFT_STANDARD_LIBRARIES = YES;
				INFOPLIST_FILE = iWeatherAppUITests/Info.plist;
				LD_RUNPATH_SEARCH_PATHS = (
					"$(inherited)",
					"@executable_path/Frameworks",
					"@loader_path/Frameworks",
				);
				PRODUCT_BUNDLE_IDENTIFIER = odin.iWeatherAppUITests;
				PRODUCT_NAME = "$(TARGET_NAME)";
				SWIFT_VERSION = 3.0;
				TEST_TARGET_NAME = iWeatherApp;
			};
			name = Debug;
		};
		2C2A0CD71F6D8FEF00F3C36B /* Release */ = {
			isa = XCBuildConfiguration;
			buildSettings = {
				ALWAYS_EMBED_SWIFT_STANDARD_LIBRARIES = YES;
				INFOPLIST_FILE = iWeatherAppUITests/Info.plist;
				LD_RUNPATH_SEARCH_PATHS = (
					"$(inherited)",
					"@executable_path/Frameworks",
					"@loader_path/Frameworks",
				);
				PRODUCT_BUNDLE_IDENTIFIER = odin.iWeatherAppUITests;
				PRODUCT_NAME = "$(TARGET_NAME)";
				SWIFT_VERSION = 3.0;
				TEST_TARGET_NAME = iWeatherApp;
			};
			name = Release;
		};
/* End XCBuildConfiguration section */

/* Begin XCConfigurationList section */
		2C2A0CA21F6D8FEE00F3C36B /* Build configuration list for PBXProject "iWeatherApp" */ = {
			isa = XCConfigurationList;
			buildConfigurations = (
				2C2A0CCD1F6D8FEF00F3C36B /* Debug */,
				2C2A0CCE1F6D8FEF00F3C36B /* Release */,
			);
			defaultConfigurationIsVisible = 0;
			defaultConfigurationName = Release;
		};
		2C2A0CCF1F6D8FEF00F3C36B /* Build configuration list for PBXNativeTarget "iWeatherApp" */ = {
			isa = XCConfigurationList;
			buildConfigurations = (
				2C2A0CD01F6D8FEF00F3C36B /* Debug */,
				2C2A0CD11F6D8FEF00F3C36B /* Release */,
			);
			defaultConfigurationIsVisible = 0;
			defaultConfigurationName = Release;
		};
		2C2A0CD21F6D8FEF00F3C36B /* Build configuration list for PBXNativeTarget "iWeatherAppTests" */ = {
			isa = XCConfigurationList;
			buildConfigurations = (
				2C2A0CD31F6D8FEF00F3C36B /* Debug */,
				2C2A0CD41F6D8FEF00F3C36B /* Release */,
			);
			defaultConfigurationIsVisible = 0;
			defaultConfigurationName = Release;
		};
		2C2A0CD51F6D8FEF00F3C36B /* Build configuration list for PBXNativeTarget "iWeatherAppUITests" */ = {
			isa = XCConfigurationList;
			buildConfigurations = (
				2C2A0CD61F6D8FEF00F3C36B /* Debug */,
				2C2A0CD71F6D8FEF00F3C36B /* Release */,
			);
			defaultConfigurationIsVisible = 0;
			defaultConfigurationName = Release;
		};
/* End XCConfigurationList section */
	};
	rootObject = 2C2A0C9F1F6D8FEE00F3C36B /* Project object */;
}
